// !$*UTF8*$!
{
	archiveVersion = 1;
	classes = {
	};
	objectVersion = 77;
	objects = {

/* Begin PBXBuildFile section */
		0D8E96152EF870A900B6269D /* semester_data in Resources */ = {isa = PBXBuildFile; fileRef = 0D8E96142EF870A900B6269D /* semester_data */; };
/* End PBXBuildFile section */

/* Begin PBXContainerItemProxy section */
		0D3BAF252E909BB5006793BF /* PBXContainerItemProxy */ = {
			isa = PBXContainerItemProxy;
			containerPortal = 0D3BAF0C2E909BB3006793BF /* Project object */;
			proxyType = 1;
			remoteGlobalIDString = 0D3BAF132E909BB3006793BF;
			remoteInfo = "RPI Central";
		};
		0D3BAF2F2E909BB5006793BF /* PBXContainerItemProxy */ = {
			isa = PBXContainerItemProxy;
			containerPortal = 0D3BAF0C2E909BB3006793BF /* Project object */;
			proxyType = 1;
			remoteGlobalIDString = 0D3BAF132E909BB3006793BF;
			remoteInfo = "RPI Central";
		};
/* End PBXContainerItemProxy section */

/* Begin PBXFileReference section */
		0D3BAF142E909BB3006793BF /* RPI Central.app */ = {isa = PBXFileReference; explicitFileType = wrapper.application; includeInIndex = 0; path = "RPI Central.app"; sourceTree = BUILT_PRODUCTS_DIR; };
		0D3BAF242E909BB5006793BF /* RPI CentralTests.xctest */ = {isa = PBXFileReference; explicitFileType = wrapper.cfbundle; includeInIndex = 0; path = "RPI CentralTests.xctest"; sourceTree = BUILT_PRODUCTS_DIR; };
		0D3BAF2E2E909BB5006793BF /* RPI CentralUITests.xctest */ = {isa = PBXFileReference; explicitFileType = wrapper.cfbundle; includeInIndex = 0; path = "RPI CentralUITests.xctest"; sourceTree = BUILT_PRODUCTS_DIR; };
		0D8E96142EF870A900B6269D /* semester_data */ = {isa = PBXFileReference; lastKnownFileType = folder; name = semester_data; path = Data/semester_data; sourceTree = "<group>"; };
		0D8EAA3C2E90A31D0099AA02 /* about.md */ = {isa = PBXFileReference; lastKnownFileType = net.daringfireball.markdown; path = about.md; sourceTree = "<group>"; };
		0D8EAA3D2E90A31D0099AA02 /* index.md */ = {isa = PBXFileReference; lastKnownFileType = net.daringfireball.markdown; path = index.md; sourceTree = "<group>"; };
		0D8EAA3F2E90A3A80099AA02 /* readme.md */ = {isa = PBXFileReference; lastKnownFileType = net.daringfireball.markdown; path = readme.md; sourceTree = "<group>"; };
		0D8EAA412E90A3D90099AA02 /* _config.yml */ = {isa = PBXFileReference; lastKnownFileType = text.yaml; path = _config.yml; sourceTree = "<group>"; };
		0D8EAA432E90A4820099AA02 /* rpiproposal.jpg */ = {isa = PBXFileReference; lastKnownFileType = image.jpeg; path = rpiproposal.jpg; sourceTree = "<group>"; };
/* End PBXFileReference section */

/* Begin PBXFileSystemSynchronizedBuildFileExceptionSet section */
		0D8E96122EF8706900B6269D /* Exceptions for "RPI Central" folder in "RPI Central" target */ = {
			isa = PBXFileSystemSynchronizedBuildFileExceptionSet;
			membershipExceptions = (
				Assets.xcassets,
				"Preview Content/Preview Assets.xcassets",
				rpi_courses_202501.json,
				rpi_courses_202509.json,
			);
			target = 0D3BAF132E909BB3006793BF /* RPI Central */;
		};
		0D8E96132EF8706900B6269D /* Exceptions for "Data" folder in "RPI Central" target */ = {
			isa = PBXFileSystemSynchronizedBuildFileExceptionSet;
			membershipExceptions = (
				semester_data/199805/catalog.json,
				semester_data/199805/courses.json,
				semester_data/199805/mod.rs,
				semester_data/199805/prerequisites.json,
				semester_data/199805/schools.json,
				semester_data/199807/catalog.json,
				semester_data/199807/courses.json,
				semester_data/199807/mod.rs,
				semester_data/199807/prerequisites.json,
				semester_data/199807/schools.json,
				semester_data/199809/catalog.json,
				semester_data/199809/courses.json,
				semester_data/199809/mod.rs,
				semester_data/199809/prerequisites.json,
				semester_data/199809/schools.json,
				semester_data/199901/catalog.json,
				semester_data/199901/courses.json,
				semester_data/199901/mod.rs,
				semester_data/199901/prerequisites.json,
				semester_data/199901/schools.json,
				semester_data/199905/catalog.json,
				semester_data/199905/courses.json,
				semester_data/199905/mod.rs,
				semester_data/199905/prerequisites.json,
				semester_data/199905/schools.json,
				semester_data/199909/catalog.json,
				semester_data/199909/courses.json,
				semester_data/199909/mod.rs,
				semester_data/199909/prerequisites.json,
				semester_data/199909/schools.json,
				semester_data/200001/catalog.json,
				semester_data/200001/courses.json,
				semester_data/200001/mod.rs,
				semester_data/200001/prerequisites.json,
				semester_data/200001/schools.json,
				semester_data/200005/catalog.json,
				semester_data/200005/courses.json,
				semester_data/200005/mod.rs,
				semester_data/200005/prerequisites.json,
				semester_data/200005/schools.json,
				semester_data/200009/catalog.json,
				semester_data/200009/courses.json,
				semester_data/200009/mod.rs,
				semester_data/200009/prerequisites.json,
				semester_data/200009/schools.json,
				semester_data/200101/catalog.json,
				semester_data/200101/courses.json,
				semester_data/200101/mod.rs,
				semester_data/200101/prerequisites.json,
				semester_data/200101/schools.json,
				semester_data/200105/catalog.json,
				semester_data/200105/courses.json,
				semester_data/200105/mod.rs,
				semester_data/200105/prerequisites.json,
				semester_data/200105/schools.json,
				semester_data/200109/catalog.json,
				semester_data/200109/courses.json,
				semester_data/200109/mod.rs,
				semester_data/200109/prerequisites.json,
				semester_data/200109/schools.json,
				semester_data/200201/catalog.json,
				semester_data/200201/courses.json,
				semester_data/200201/mod.rs,
				semester_data/200201/prerequisites.json,
				semester_data/200201/schools.json,
				semester_data/200205/catalog.json,
				semester_data/200205/courses.json,
				semester_data/200205/mod.rs,
				semester_data/200205/prerequisites.json,
				semester_data/200205/schools.json,
				semester_data/200209/catalog.json,
				semester_data/200209/courses.json,
				semester_data/200209/mod.rs,
				semester_data/200209/prerequisites.json,
				semester_data/200209/schools.json,
				semester_data/200301/catalog.json,
				semester_data/200301/courses.json,
				semester_data/200301/mod.rs,
				semester_data/200301/prerequisites.json,
				semester_data/200301/schools.json,
				semester_data/200305/catalog.json,
				semester_data/200305/courses.json,
				semester_data/200305/mod.rs,
				semester_data/200305/prerequisites.json,
				semester_data/200305/schools.json,
				semester_data/200309/catalog.json,
				semester_data/200309/courses.json,
				semester_data/200309/mod.rs,
				semester_data/200309/prerequisites.json,
				semester_data/200309/schools.json,
				semester_data/200401/catalog.json,
				semester_data/200401/courses.json,
				semester_data/200401/mod.rs,
				semester_data/200401/prerequisites.json,
				semester_data/200401/schools.json,
				semester_data/200405/catalog.json,
				semester_data/200405/courses.json,
				semester_data/200405/mod.rs,
				semester_data/200405/prerequisites.json,
				semester_data/200405/schools.json,
				semester_data/200409/catalog.json,
				semester_data/200409/courses.json,
				semester_data/200409/mod.rs,
				semester_data/200409/prerequisites.json,
				semester_data/200409/schools.json,
				semester_data/200501/catalog.json,
				semester_data/200501/courses.json,
				semester_data/200501/mod.rs,
				semester_data/200501/prerequisites.json,
				semester_data/200501/schools.json,
				semester_data/200505/catalog.json,
				semester_data/200505/courses.json,
				semester_data/200505/mod.rs,
				semester_data/200505/prerequisites.json,
				semester_data/200505/schools.json,
				semester_data/200509/catalog.json,
				semester_data/200509/courses.json,
				semester_data/200509/mod.rs,
				semester_data/200509/prerequisites.json,
				semester_data/200509/schools.json,
				semester_data/200601/catalog.json,
				semester_data/200601/courses.json,
				semester_data/200601/mod.rs,
				semester_data/200601/prerequisites.json,
				semester_data/200601/schools.json,
				semester_data/200605/catalog.json,
				semester_data/200605/courses.json,
				semester_data/200605/mod.rs,
				semester_data/200605/prerequisites.json,
				semester_data/200605/schools.json,
				semester_data/200609/catalog.json,
				semester_data/200609/courses.json,
				semester_data/200609/mod.rs,
				semester_data/200609/prerequisites.json,
				semester_data/200609/schools.json,
				semester_data/200701/catalog.json,
				semester_data/200701/courses.json,
				semester_data/200701/mod.rs,
				semester_data/200701/prerequisites.json,
				semester_data/200701/schools.json,
				semester_data/200705/catalog.json,
				semester_data/200705/courses.json,
				semester_data/200705/mod.rs,
				semester_data/200705/prerequisites.json,
				semester_data/200705/schools.json,
				semester_data/200709/catalog.json,
				semester_data/200709/courses.json,
				semester_data/200709/mod.rs,
				semester_data/200709/prerequisites.json,
				semester_data/200709/schools.json,
				semester_data/200801/catalog.json,
				semester_data/200801/courses.json,
				semester_data/200801/mod.rs,
				semester_data/200801/prerequisites.json,
				semester_data/200801/schools.json,
				semester_data/200805/catalog.json,
				semester_data/200805/courses.json,
				semester_data/200805/mod.rs,
				semester_data/200805/prerequisites.json,
				semester_data/200805/schools.json,
				semester_data/200809/catalog.json,
				semester_data/200809/courses.json,
				semester_data/200809/mod.rs,
				semester_data/200809/prerequisites.json,
				semester_data/200809/schools.json,
				semester_data/200901/catalog.json,
				semester_data/200901/courses.json,
				semester_data/200901/mod.rs,
				semester_data/200901/prerequisites.json,
				semester_data/200901/schools.json,
				semester_data/200905/catalog.json,
				semester_data/200905/courses.json,
				semester_data/200905/mod.rs,
				semester_data/200905/prerequisites.json,
				semester_data/200905/schools.json,
				semester_data/200909/catalog.json,
				semester_data/200909/courses.json,
				semester_data/200909/mod.rs,
				semester_data/200909/prerequisites.json,
				semester_data/200909/schools.json,
				semester_data/201001/catalog.json,
				semester_data/201001/courses.json,
				semester_data/201001/mod.rs,
				semester_data/201001/prerequisites.json,
				semester_data/201001/schools.json,
				semester_data/201005/catalog.json,
				semester_data/201005/courses.json,
				semester_data/201005/mod.rs,
				semester_data/201005/prerequisites.json,
				semester_data/201005/schools.json,
				semester_data/201009/catalog.json,
				semester_data/201009/courses.json,
				semester_data/201009/mod.rs,
				semester_data/201009/prerequisites.json,
				semester_data/201009/schools.json,
				semester_data/201101/catalog.json,
				semester_data/201101/courses.json,
				semester_data/201101/mod.rs,
				semester_data/201101/prerequisites.json,
				semester_data/201101/schools.json,
				semester_data/201105/catalog.json,
				semester_data/201105/courses.json,
				semester_data/201105/mod.rs,
				semester_data/201105/prerequisites.json,
				semester_data/201105/schools.json,
				semester_data/201109/catalog.json,
				semester_data/201109/courses.json,
				semester_data/201109/mod.rs,
				semester_data/201109/prerequisites.json,
				semester_data/201109/schools.json,
				semester_data/201201/catalog.json,
				semester_data/201201/courses.json,
				semester_data/201201/mod.rs,
				semester_data/201201/prerequisites.json,
				semester_data/201201/schools.json,
				semester_data/201205/catalog.json,
				semester_data/201205/courses.json,
				semester_data/201205/mod.rs,
				semester_data/201205/prerequisites.json,
				semester_data/201205/schools.json,
				semester_data/201209/catalog.json,
				semester_data/201209/courses.json,
				semester_data/201209/mod.rs,
				semester_data/201209/prerequisites.json,
				semester_data/201209/schools.json,
				semester_data/201301/catalog.json,
				semester_data/201301/courses.json,
				semester_data/201301/mod.rs,
				semester_data/201301/prerequisites.json,
				semester_data/201301/schools.json,
				semester_data/201305/catalog.json,
				semester_data/201305/courses.json,
				semester_data/201305/mod.rs,
				semester_data/201305/prerequisites.json,
				semester_data/201305/schools.json,
				semester_data/201309/catalog.json,
				semester_data/201309/courses.json,
				semester_data/201309/mod.rs,
				semester_data/201309/prerequisites.json,
				semester_data/201309/schools.json,
				semester_data/201401/catalog.json,
				semester_data/201401/courses.json,
				semester_data/201401/mod.rs,
				semester_data/201401/prerequisites.json,
				semester_data/201401/schools.json,
				semester_data/201405/catalog.json,
				semester_data/201405/courses.json,
				semester_data/201405/mod.rs,
				semester_data/201405/prerequisites.json,
				semester_data/201405/schools.json,
				semester_data/201409/catalog.json,
				semester_data/201409/courses.json,
				semester_data/201409/mod.rs,
				semester_data/201409/prerequisites.json,
				semester_data/201409/schools.json,
				semester_data/201501/catalog.json,
				semester_data/201501/courses.json,
				semester_data/201501/mod.rs,
				semester_data/201501/prerequisites.json,
				semester_data/201501/schools.json,
				semester_data/201505/catalog.json,
				semester_data/201505/courses.json,
				semester_data/201505/mod.rs,
				semester_data/201505/prerequisites.json,
				semester_data/201505/schools.json,
				semester_data/201509/catalog.json,
				semester_data/201509/courses.json,
				semester_data/201509/mod.rs,
				semester_data/201509/prerequisites.json,
				semester_data/201509/schools.json,
				semester_data/201601/catalog.json,
				semester_data/201601/courses.json,
				semester_data/201601/mod.rs,
				semester_data/201601/prerequisites.json,
				semester_data/201601/schools.json,
				semester_data/201605/catalog.json,
				semester_data/201605/courses.json,
				semester_data/201605/mod.rs,
				semester_data/201605/prerequisites.json,
				semester_data/201605/schools.json,
				semester_data/201609/catalog.json,
				semester_data/201609/courses.json,
				semester_data/201609/mod.rs,
				semester_data/201609/prerequisites.json,
				semester_data/201609/schools.json,
				semester_data/201701/catalog.json,
				semester_data/201701/courses.json,
				semester_data/201701/mod.rs,
				semester_data/201701/prerequisites.json,
				semester_data/201701/schools.json,
				semester_data/201705/catalog.json,
				semester_data/201705/courses.json,
				semester_data/201705/mod.rs,
				semester_data/201705/prerequisites.json,
				semester_data/201705/schools.json,
				semester_data/201709/catalog.json,
				semester_data/201709/courses.json,
				semester_data/201709/mod.rs,
				semester_data/201709/prerequisites.json,
				semester_data/201709/schools.json,
				semester_data/201801/catalog.json,
				semester_data/201801/courses.json,
				semester_data/201801/mod.rs,
				semester_data/201801/prerequisites.json,
				semester_data/201801/schools.json,
				semester_data/201805/catalog.json,
				semester_data/201805/courses.json,
				semester_data/201805/mod.rs,
				semester_data/201805/prerequisites.json,
				semester_data/201805/schools.json,
				semester_data/201809/catalog.json,
				semester_data/201809/courses.json,
				semester_data/201809/mod.rs,
				semester_data/201809/prerequisites.json,
				semester_data/201809/schools.json,
				semester_data/201901/catalog.json,
				semester_data/201901/courses.json,
				semester_data/201901/mod.rs,
				semester_data/201901/prerequisites.json,
				semester_data/201901/schools.json,
				semester_data/201905/catalog.json,
				semester_data/201905/courses.json,
				semester_data/201905/mod.rs,
				semester_data/201905/prerequisites.json,
				semester_data/201905/schools.json,
				semester_data/201909/catalog.json,
				semester_data/201909/courses.json,
				semester_data/201909/mod.rs,
				semester_data/201909/prerequisites.json,
				semester_data/201909/schools.json,
				semester_data/202001/catalog.json,
				semester_data/202001/courses.json,
				semester_data/202001/mod.rs,
				semester_data/202001/prerequisites.json,
				semester_data/202001/schools.json,
				semester_data/202005/catalog.json,
				semester_data/202005/courses.json,
				semester_data/202005/mod.rs,
				semester_data/202005/prerequisites.json,
				semester_data/202005/schools.json,
				semester_data/202009/catalog.json,
				semester_data/202009/courses.json,
				semester_data/202009/mod.rs,
				semester_data/202009/prerequisites.json,
				semester_data/202009/schools.json,
				semester_data/202101/catalog.json,
				semester_data/202101/courses.json,
				semester_data/202101/mod.rs,
				semester_data/202101/prerequisites.json,
				semester_data/202101/schools.json,
				semester_data/202105/catalog.json,
				semester_data/202105/courses.json,
				semester_data/202105/hard_coded/catalog.json,
				semester_data/202105/mod.rs,
				semester_data/202105/prerequisites.json,
				semester_data/202105/schools.json,
				semester_data/202109/catalog.json,
				semester_data/202109/courses.json,
				semester_data/202109/hard_coded/catalog.json,
				semester_data/202109/mod.rs,
				semester_data/202109/prerequisites.json,
				semester_data/202109/schools.json,
				semester_data/202112/catalog.json,
				semester_data/202112/courses.json,
				semester_data/202112/mod.rs,
				semester_data/202112/prerequisites.json,
				semester_data/202112/schools.json,
				semester_data/202201/catalog.json,
				semester_data/202201/courses.json,
				semester_data/202201/mod.rs,
				semester_data/202201/prerequisites.json,
				semester_data/202201/schools.json,
				semester_data/202205/catalog.json,
				semester_data/202205/courses.json,
				semester_data/202205/mod.rs,
				semester_data/202205/prerequisites.json,
				semester_data/202205/schools.json,
				semester_data/202209/catalog.json,
				semester_data/202209/courses.json,
				semester_data/202209/mod.rs,
				semester_data/202209/prerequisites.json,
				semester_data/202209/schools.json,
				semester_data/202212/catalog.json,
				semester_data/202212/courses.json,
				semester_data/202212/mod.rs,
				semester_data/202212/prerequisites.json,
				semester_data/202212/schools.json,
				semester_data/202301/catalog.json,
				semester_data/202301/courses.json,
				semester_data/202301/csci_topics/catalog.json,
				semester_data/202301/mod.rs,
				semester_data/202301/prerequisites.json,
				semester_data/202301/schools.json,
				semester_data/202305/catalog.json,
				semester_data/202305/courses.json,
				semester_data/202305/csci_topics/catalog.json,
				semester_data/202305/mod.rs,
				semester_data/202305/prerequisites.json,
				semester_data/202305/schools.json,
				semester_data/202309/catalog.json,
				semester_data/202309/courses.json,
				semester_data/202309/csci_topics/catalog.json,
				semester_data/202309/hard_coded/catalog.json,
				semester_data/202309/mod.rs,
				semester_data/202309/prerequisites.json,
				semester_data/202309/registration_dates.json,
				semester_data/202309/schools.json,
				semester_data/202312/catalog.json,
				semester_data/202312/courses.json,
				semester_data/202312/mod.rs,
				semester_data/202312/prerequisites.json,
				semester_data/202312/registration_dates.json,
				semester_data/202312/schools.json,
				semester_data/202401/catalog.json,
				semester_data/202401/courses.json,
				semester_data/202401/csci_topics/catalog.json,
				semester_data/202401/mod.rs,
				semester_data/202401/prerequisites.json,
				semester_data/202401/registration_dates.json,
				semester_data/202401/schools.json,
				semester_data/202405/catalog.json,
				semester_data/202405/courses.json,
				semester_data/202405/csci_topics/catalog.json,
				semester_data/202405/mod.rs,
				semester_data/202405/prerequisites.json,
				semester_data/202405/registration_dates.json,
				semester_data/202405/schools.json,
				semester_data/202409/catalog.json,
				semester_data/202409/courses.json,
				semester_data/202409/csci_topics/catalog.json,
				semester_data/202409/hard_coded/catalog.json,
				semester_data/202409/mod.rs,
				semester_data/202409/prerequisites.json,
				semester_data/202409/registration_dates.json,
				semester_data/202409/schools.json,
				semester_data/202501/catalog.json,
				semester_data/202501/courses.json,
				semester_data/202501/csci_topics/catalog.json,
				semester_data/202501/mod.rs,
				semester_data/202501/prerequisites.json,
				semester_data/202501/registration_dates.json,
				semester_data/202501/schools.json,
				semester_data/202505/catalog.json,
				semester_data/202505/courses.json,
				semester_data/202505/csci_topics/catalog.json,
				semester_data/202505/mod.rs,
				semester_data/202505/prerequisites.json,
				semester_data/202505/registration_dates.json,
				semester_data/202505/schools.json,
				semester_data/202509/catalog.json,
				semester_data/202509/courses.json,
				semester_data/202509/csci_topics/catalog.json,
				semester_data/202509/mod.rs,
				semester_data/202509/prerequisites.json,
				semester_data/202509/registration_dates.json,
				semester_data/202509/schools.json,
				semester_data/202601/catalog.json,
				semester_data/202601/courses.json,
				semester_data/202601/csci_topics/catalog.json,
				semester_data/202601/mod.rs,
				semester_data/202601/prerequisites.json,
				semester_data/202601/registration_dates.json,
				semester_data/202601/schools.json,
			);
			target = 0D3BAF132E909BB3006793BF /* RPI Central */;
		};
/* End PBXFileSystemSynchronizedBuildFileExceptionSet section */

/* Begin PBXFileSystemSynchronizedRootGroup section */
		0D3BAF162E909BB3006793BF /* RPI Central */ = {
			isa = PBXFileSystemSynchronizedRootGroup;
			exceptions = (
				0D8E96122EF8706900B6269D /* Exceptions for "RPI Central" folder in "RPI Central" target */,
			);
			path = "RPI Central";
			sourceTree = "<group>";
		};
		0D3BAF272E909BB5006793BF /* RPI CentralTests */ = {
			isa = PBXFileSystemSynchronizedRootGroup;
			path = "RPI CentralTests";
			sourceTree = "<group>";
		};
		0D3BAF312E909BB5006793BF /* RPI CentralUITests */ = {
			isa = PBXFileSystemSynchronizedRootGroup;
			path = "RPI CentralUITests";
			sourceTree = "<group>";
		};
		0D8E61392EED113000B6269D /* Tools */ = {
			isa = PBXFileSystemSynchronizedRootGroup;
			path = Tools;
			sourceTree = "<group>";
		};
		0D8E73122EF7B88300B6269D /* Data */ = {
			isa = PBXFileSystemSynchronizedRootGroup;
			exceptions = (
				0D8E96132EF8706900B6269D /* Exceptions for "Data" folder in "RPI Central" target */,
			);
			path = Data;
			sourceTree = "<group>";
		};
/* End PBXFileSystemSynchronizedRootGroup section */

/* Begin PBXFrameworksBuildPhase section */
		0D3BAF112E909BB3006793BF /* Frameworks */ = {
			isa = PBXFrameworksBuildPhase;
			buildActionMask = 2147483647;
			files = (
			);
			runOnlyForDeploymentPostprocessing = 0;
		};
		0D3BAF212E909BB5006793BF /* Frameworks */ = {
			isa = PBXFrameworksBuildPhase;
			buildActionMask = 2147483647;
			files = (
			);
			runOnlyForDeploymentPostprocessing = 0;
		};
		0D3BAF2B2E909BB5006793BF /* Frameworks */ = {
			isa = PBXFrameworksBuildPhase;
			buildActionMask = 2147483647;
			files = (
			);
			runOnlyForDeploymentPostprocessing = 0;
		};
/* End PBXFrameworksBuildPhase section */

/* Begin PBXGroup section */
		0D3BAF0B2E909BB3006793BF = {
			isa = PBXGroup;
			children = (
				0D8E96142EF870A900B6269D /* semester_data */,
				0D8E61392EED113000B6269D /* Tools */,
				0D8EAA432E90A4820099AA02 /* rpiproposal.jpg */,
				0D8EAA3F2E90A3A80099AA02 /* readme.md */,
				0D8EAA3D2E90A31D0099AA02 /* index.md */,
				0D8EAA3C2E90A31D0099AA02 /* about.md */,
				0D8EAA412E90A3D90099AA02 /* _config.yml */,
				0D3BAF162E909BB3006793BF /* RPI Central */,
				0D3BAF272E909BB5006793BF /* RPI CentralTests */,
				0D3BAF312E909BB5006793BF /* RPI CentralUITests */,
				0D3BAF152E909BB3006793BF /* Products */,
				0D8E73122EF7B88300B6269D /* Data */,
			);
			sourceTree = "<group>";
		};
		0D3BAF152E909BB3006793BF /* Products */ = {
			isa = PBXGroup;
			children = (
				0D3BAF142E909BB3006793BF /* RPI Central.app */,
				0D3BAF242E909BB5006793BF /* RPI CentralTests.xctest */,
				0D3BAF2E2E909BB5006793BF /* RPI CentralUITests.xctest */,
			);
			name = Products;
			sourceTree = "<group>";
		};
/* End PBXGroup section */

/* Begin PBXNativeTarget section */
		0D3BAF132E909BB3006793BF /* RPI Central */ = {
			isa = PBXNativeTarget;
			buildConfigurationList = 0D3BAF382E909BB5006793BF /* Build configuration list for PBXNativeTarget "RPI Central" */;
			buildPhases = (
				0D3BAF102E909BB3006793BF /* Sources */,
				0D3BAF112E909BB3006793BF /* Frameworks */,
				0D8E96112EF8706900B6269D /* Resources */,
			);
			buildRules = (
			);
			dependencies = (
			);
			fileSystemSynchronizedGroups = (
				0D3BAF162E909BB3006793BF /* RPI Central */,
				0D8E73122EF7B88300B6269D /* Data */,
			);
			name = "RPI Central";
			packageProductDependencies = (
			);
			productName = "RPI Central";
			productReference = 0D3BAF142E909BB3006793BF /* RPI Central.app */;
			productType = "com.apple.product-type.application";
		};
		0D3BAF232E909BB5006793BF /* RPI CentralTests */ = {
			isa = PBXNativeTarget;
			buildConfigurationList = 0D3BAF3B2E909BB5006793BF /* Build configuration list for PBXNativeTarget "RPI CentralTests" */;
			buildPhases = (
				0D3BAF202E909BB5006793BF /* Sources */,
				0D3BAF212E909BB5006793BF /* Frameworks */,
				0D3BAF222E909BB5006793BF /* Resources */,
			);
			buildRules = (
			);
			dependencies = (
				0D3BAF262E909BB5006793BF /* PBXTargetDependency */,
			);
			fileSystemSynchronizedGroups = (
				0D3BAF272E909BB5006793BF /* RPI CentralTests */,
			);
			name = "RPI CentralTests";
			packageProductDependencies = (
			);
			productName = "RPI CentralTests";
			productReference = 0D3BAF242E909BB5006793BF /* RPI CentralTests.xctest */;
			productType = "com.apple.product-type.bundle.unit-test";
		};
		0D3BAF2D2E909BB5006793BF /* RPI CentralUITests */ = {
			isa = PBXNativeTarget;
			buildConfigurationList = 0D3BAF3E2E909BB5006793BF /* Build configuration list for PBXNativeTarget "RPI CentralUITests" */;
			buildPhases = (
				0D3BAF2A2E909BB5006793BF /* Sources */,
				0D3BAF2B2E909BB5006793BF /* Frameworks */,
				0D3BAF2C2E909BB5006793BF /* Resources */,
			);
			buildRules = (
			);
			dependencies = (
				0D3BAF302E909BB5006793BF /* PBXTargetDependency */,
			);
			fileSystemSynchronizedGroups = (
				0D3BAF312E909BB5006793BF /* RPI CentralUITests */,
			);
			name = "RPI CentralUITests";
			packageProductDependencies = (
			);
			productName = "RPI CentralUITests";
			productReference = 0D3BAF2E2E909BB5006793BF /* RPI CentralUITests.xctest */;
			productType = "com.apple.product-type.bundle.ui-testing";
		};
/* End PBXNativeTarget section */

/* Begin PBXProject section */
		0D3BAF0C2E909BB3006793BF /* Project object */ = {
			isa = PBXProject;
			attributes = {
				BuildIndependentTargetsInParallel = 1;
				LastSwiftUpdateCheck = 1600;
				LastUpgradeCheck = 1600;
				TargetAttributes = {
					0D3BAF132E909BB3006793BF = {
						CreatedOnToolsVersion = 16.0;
					};
					0D3BAF232E909BB5006793BF = {
						CreatedOnToolsVersion = 16.0;
						TestTargetID = 0D3BAF132E909BB3006793BF;
					};
					0D3BAF2D2E909BB5006793BF = {
						CreatedOnToolsVersion = 16.0;
						TestTargetID = 0D3BAF132E909BB3006793BF;
					};
				};
			};
			buildConfigurationList = 0D3BAF0F2E909BB3006793BF /* Build configuration list for PBXProject "RPI Central" */;
			developmentRegion = en;
			hasScannedForEncodings = 0;
			knownRegions = (
				en,
				Base,
			);
			mainGroup = 0D3BAF0B2E909BB3006793BF;
			minimizedProjectReferenceProxies = 1;
			preferredProjectObjectVersion = 77;
			productRefGroup = 0D3BAF152E909BB3006793BF /* Products */;
			projectDirPath = "";
			projectRoot = "";
			targets = (
				0D3BAF132E909BB3006793BF /* RPI Central */,
				0D3BAF232E909BB5006793BF /* RPI CentralTests */,
				0D3BAF2D2E909BB5006793BF /* RPI CentralUITests */,
			);
		};
/* End PBXProject section */

/* Begin PBXResourcesBuildPhase section */
		0D3BAF222E909BB5006793BF /* Resources */ = {
			isa = PBXResourcesBuildPhase;
			buildActionMask = 2147483647;
			files = (
			);
			runOnlyForDeploymentPostprocessing = 0;
		};
		0D3BAF2C2E909BB5006793BF /* Resources */ = {
			isa = PBXResourcesBuildPhase;
			buildActionMask = 2147483647;
			files = (
			);
			runOnlyForDeploymentPostprocessing = 0;
		};
		0D8E96112EF8706900B6269D /* Resources */ = {
			isa = PBXResourcesBuildPhase;
			buildActionMask = 2147483647;
			files = (
				0D8E96152EF870A900B6269D /* semester_data in Resources */,
			);
			runOnlyForDeploymentPostprocessing = 0;
		};
/* End PBXResourcesBuildPhase section */

/* Begin PBXSourcesBuildPhase section */
		0D3BAF102E909BB3006793BF /* Sources */ = {
			isa = PBXSourcesBuildPhase;
			buildActionMask = 2147483647;
			files = (
			);
			runOnlyForDeploymentPostprocessing = 0;
		};
		0D3BAF202E909BB5006793BF /* Sources */ = {
			isa = PBXSourcesBuildPhase;
			buildActionMask = 2147483647;
			files = (
			);
			runOnlyForDeploymentPostprocessing = 0;
		};
		0D3BAF2A2E909BB5006793BF /* Sources */ = {
			isa = PBXSourcesBuildPhase;
			buildActionMask = 2147483647;
			files = (
			);
			runOnlyForDeploymentPostprocessing = 0;
		};
/* End PBXSourcesBuildPhase section */

/* Begin PBXTargetDependency section */
		0D3BAF262E909BB5006793BF /* PBXTargetDependency */ = {
			isa = PBXTargetDependency;
			target = 0D3BAF132E909BB3006793BF /* RPI Central */;
			targetProxy = 0D3BAF252E909BB5006793BF /* PBXContainerItemProxy */;
		};
		0D3BAF302E909BB5006793BF /* PBXTargetDependency */ = {
			isa = PBXTargetDependency;
			target = 0D3BAF132E909BB3006793BF /* RPI Central */;
			targetProxy = 0D3BAF2F2E909BB5006793BF /* PBXContainerItemProxy */;
		};
/* End PBXTargetDependency section */

/* Begin XCBuildConfiguration section */
		0D3BAF362E909BB5006793BF /* Debug */ = {
			isa = XCBuildConfiguration;
			buildSettings = {
				ALWAYS_SEARCH_USER_PATHS = NO;
				ASSETCATALOG_COMPILER_GENERATE_SWIFT_ASSET_SYMBOL_EXTENSIONS = YES;
				CLANG_ANALYZER_NONNULL = YES;
				CLANG_ANALYZER_NUMBER_OBJECT_CONVERSION = YES_AGGRESSIVE;
				CLANG_CXX_LANGUAGE_STANDARD = "gnu++20";
				CLANG_ENABLE_MODULES = YES;
				CLANG_ENABLE_OBJC_ARC = YES;
				CLANG_ENABLE_OBJC_WEAK = YES;
				CLANG_WARN_BLOCK_CAPTURE_AUTORELEASING = YES;
				CLANG_WARN_BOOL_CONVERSION = YES;
				CLANG_WARN_COMMA = YES;
				CLANG_WARN_CONSTANT_CONVERSION = YES;
				CLANG_WARN_DEPRECATED_OBJC_IMPLEMENTATIONS = YES;
				CLANG_WARN_DIRECT_OBJC_ISA_USAGE = YES_ERROR;
				CLANG_WARN_DOCUMENTATION_COMMENTS = YES;
				CLANG_WARN_EMPTY_BODY = YES;
				CLANG_WARN_ENUM_CONVERSION = YES;
				CLANG_WARN_INFINITE_RECURSION = YES;
				CLANG_WARN_INT_CONVERSION = YES;
				CLANG_WARN_NON_LITERAL_NULL_CONVERSION = YES;
				CLANG_WARN_OBJC_IMPLICIT_RETAIN_SELF = YES;
				CLANG_WARN_OBJC_LITERAL_CONVERSION = YES;
				CLANG_WARN_OBJC_ROOT_CLASS = YES_ERROR;
				CLANG_WARN_QUOTED_INCLUDE_IN_FRAMEWORK_HEADER = YES;
				CLANG_WARN_RANGE_LOOP_ANALYSIS = YES;
				CLANG_WARN_STRICT_PROTOTYPES = YES;
				CLANG_WARN_SUSPICIOUS_MOVE = YES;
				CLANG_WARN_UNGUARDED_AVAILABILITY = YES_AGGRESSIVE;
				CLANG_WARN_UNREACHABLE_CODE = YES;
				CLANG_WARN__DUPLICATE_METHOD_MATCH = YES;
				COPY_PHASE_STRIP = NO;
				DEBUG_INFORMATION_FORMAT = dwarf;
				ENABLE_STRICT_OBJC_MSGSEND = YES;
				ENABLE_TESTABILITY = YES;
				ENABLE_USER_SCRIPT_SANDBOXING = YES;
				GCC_C_LANGUAGE_STANDARD = gnu17;
				GCC_DYNAMIC_NO_PIC = NO;
				GCC_NO_COMMON_BLOCKS = YES;
				GCC_OPTIMIZATION_LEVEL = 0;
				GCC_PREPROCESSOR_DEFINITIONS = (
					"DEBUG=1",
					"$(inherited)",
				);
				GCC_WARN_64_TO_32_BIT_CONVERSION = YES;
				GCC_WARN_ABOUT_RETURN_TYPE = YES_ERROR;
				GCC_WARN_UNDECLARED_SELECTOR = YES;
				GCC_WARN_UNINITIALIZED_AUTOS = YES_AGGRESSIVE;
				GCC_WARN_UNUSED_FUNCTION = YES;
				GCC_WARN_UNUSED_VARIABLE = YES;
				IPHONEOS_DEPLOYMENT_TARGET = 18.0;
				LOCALIZATION_PREFERS_STRING_CATALOGS = YES;
				MTL_ENABLE_DEBUG_INFO = INCLUDE_SOURCE;
				MTL_FAST_MATH = YES;
				ONLY_ACTIVE_ARCH = YES;
				SDKROOT = iphoneos;
				SWIFT_ACTIVE_COMPILATION_CONDITIONS = "DEBUG $(inherited)";
				SWIFT_OPTIMIZATION_LEVEL = "-Onone";
			};
			name = Debug;
		};
		0D3BAF372E909BB5006793BF /* Release */ = {
			isa = XCBuildConfiguration;
			buildSettings = {
				ALWAYS_SEARCH_USER_PATHS = NO;
				ASSETCATALOG_COMPILER_GENERATE_SWIFT_ASSET_SYMBOL_EXTENSIONS = YES;
				CLANG_ANALYZER_NONNULL = YES;
				CLANG_ANALYZER_NUMBER_OBJECT_CONVERSION = YES_AGGRESSIVE;
				CLANG_CXX_LANGUAGE_STANDARD = "gnu++20";
				CLANG_ENABLE_MODULES = YES;
				CLANG_ENABLE_OBJC_ARC = YES;
				CLANG_ENABLE_OBJC_WEAK = YES;
				CLANG_WARN_BLOCK_CAPTURE_AUTORELEASING = YES;
				CLANG_WARN_BOOL_CONVERSION = YES;
				CLANG_WARN_COMMA = YES;
				CLANG_WARN_CONSTANT_CONVERSION = YES;
				CLANG_WARN_DEPRECATED_OBJC_IMPLEMENTATIONS = YES;
				CLANG_WARN_DIRECT_OBJC_ISA_USAGE = YES_ERROR;
				CLANG_WARN_DOCUMENTATION_COMMENTS = YES;
				CLANG_WARN_EMPTY_BODY = YES;
				CLANG_WARN_ENUM_CONVERSION = YES;
				CLANG_WARN_INFINITE_RECURSION = YES;
				CLANG_WARN_INT_CONVERSION = YES;
				CLANG_WARN_NON_LITERAL_NULL_CONVERSION = YES;
				CLANG_WARN_OBJC_IMPLICIT_RETAIN_SELF = YES;
				CLANG_WARN_OBJC_LITERAL_CONVERSION = YES;
				CLANG_WARN_OBJC_ROOT_CLASS = YES_ERROR;
				CLANG_WARN_QUOTED_INCLUDE_IN_FRAMEWORK_HEADER = YES;
				CLANG_WARN_RANGE_LOOP_ANALYSIS = YES;
				CLANG_WARN_STRICT_PROTOTYPES = YES;
				CLANG_WARN_SUSPICIOUS_MOVE = YES;
				CLANG_WARN_UNGUARDED_AVAILABILITY = YES_AGGRESSIVE;
				CLANG_WARN_UNREACHABLE_CODE = YES;
				CLANG_WARN__DUPLICATE_METHOD_MATCH = YES;
				COPY_PHASE_STRIP = NO;
				DEBUG_INFORMATION_FORMAT = "dwarf-with-dsym";
				ENABLE_NS_ASSERTIONS = NO;
				ENABLE_STRICT_OBJC_MSGSEND = YES;
				ENABLE_USER_SCRIPT_SANDBOXING = YES;
				GCC_C_LANGUAGE_STANDARD = gnu17;
				GCC_NO_COMMON_BLOCKS = YES;
				GCC_WARN_64_TO_32_BIT_CONVERSION = YES;
				GCC_WARN_ABOUT_RETURN_TYPE = YES_ERROR;
				GCC_WARN_UNDECLARED_SELECTOR = YES;
				GCC_WARN_UNINITIALIZED_AUTOS = YES_AGGRESSIVE;
				GCC_WARN_UNUSED_FUNCTION = YES;
				GCC_WARN_UNUSED_VARIABLE = YES;
				IPHONEOS_DEPLOYMENT_TARGET = 18.0;
				LOCALIZATION_PREFERS_STRING_CATALOGS = YES;
				MTL_ENABLE_DEBUG_INFO = NO;
				MTL_FAST_MATH = YES;
				SDKROOT = iphoneos;
				SWIFT_COMPILATION_MODE = wholemodule;
				VALIDATE_PRODUCT = YES;
			};
			name = Release;
		};
		0D3BAF392E909BB5006793BF /* Debug */ = {
			isa = XCBuildConfiguration;
			buildSettings = {
				ASSETCATALOG_COMPILER_APPICON_NAME = AppIcon;
				ASSETCATALOG_COMPILER_GLOBAL_ACCENT_COLOR_NAME = AccentColor;
				CODE_SIGN_STYLE = Automatic;
				CURRENT_PROJECT_VERSION = 1;
				DEVELOPMENT_ASSET_PATHS = "\"RPI Central/Preview Content\"";
				DEVELOPMENT_TEAM = S4BZL6QTCN;
				ENABLE_PREVIEWS = YES;
				GENERATE_INFOPLIST_FILE = YES;
				INFOPLIST_KEY_UIApplicationSceneManifest_Generation = YES;
				INFOPLIST_KEY_UIApplicationSupportsIndirectInputEvents = YES;
				INFOPLIST_KEY_UILaunchScreen_Generation = YES;
				INFOPLIST_KEY_UISupportedInterfaceOrientations_iPad = "UIInterfaceOrientationPortrait UIInterfaceOrientationPortraitUpsideDown UIInterfaceOrientationLandscapeLeft UIInterfaceOrientationLandscapeRight";
				INFOPLIST_KEY_UISupportedInterfaceOrientations_iPhone = "UIInterfaceOrientationPortrait UIInterfaceOrientationLandscapeLeft UIInterfaceOrientationLandscapeRight";
				LD_RUNPATH_SEARCH_PATHS = (
					"$(inherited)",
					"@executable_path/Frameworks",
				);
				MARKETING_VERSION = 1.0;
				PRODUCT_BUNDLE_IDENTIFIER = "phonixdrive.RPI-Central";
				PRODUCT_NAME = "$(TARGET_NAME)";
				SWIFT_EMIT_LOC_STRINGS = YES;
				SWIFT_VERSION = 5.0;
				TARGETED_DEVICE_FAMILY = "1,2";
			};
			name = Debug;
		};
		0D3BAF3A2E909BB5006793BF /* Release */ = {
			isa = XCBuildConfiguration;
			buildSettings = {
				ASSETCATALOG_COMPILER_APPICON_NAME = AppIcon;
				ASSETCATALOG_COMPILER_GLOBAL_ACCENT_COLOR_NAME = AccentColor;
				CODE_SIGN_STYLE = Automatic;
				CURRENT_PROJECT_VERSION = 1;
				DEVELOPMENT_ASSET_PATHS = "\"RPI Central/Preview Content\"";
				DEVELOPMENT_TEAM = S4BZL6QTCN;
				ENABLE_PREVIEWS = YES;
				GENERATE_INFOPLIST_FILE = YES;
				INFOPLIST_KEY_UIApplicationSceneManifest_Generation = YES;
				INFOPLIST_KEY_UIApplicationSupportsIndirectInputEvents = YES;
				INFOPLIST_KEY_UILaunchScreen_Generation = YES;
				INFOPLIST_KEY_UISupportedInterfaceOrientations_iPad = "UIInterfaceOrientationPortrait UIInterfaceOrientationPortraitUpsideDown UIInterfaceOrientationLandscapeLeft UIInterfaceOrientationLandscapeRight";
				INFOPLIST_KEY_UISupportedInterfaceOrientations_iPhone = "UIInterfaceOrientationPortrait UIInterfaceOrientationLandscapeLeft UIInterfaceOrientationLandscapeRight";
				LD_RUNPATH_SEARCH_PATHS = (
					"$(inherited)",
					"@executable_path/Frameworks",
				);
				MARKETING_VERSION = 1.0;
				PRODUCT_BUNDLE_IDENTIFIER = "phonixdrive.RPI-Central";
				PRODUCT_NAME = "$(TARGET_NAME)";
				SWIFT_EMIT_LOC_STRINGS = YES;
				SWIFT_VERSION = 5.0;
				TARGETED_DEVICE_FAMILY = "1,2";
			};
			name = Release;
		};
		0D3BAF3C2E909BB5006793BF /* Debug */ = {
			isa = XCBuildConfiguration;
			buildSettings = {
				BUNDLE_LOADER = "$(TEST_HOST)";
				CODE_SIGN_STYLE = Automatic;
				CURRENT_PROJECT_VERSION = 1;
				GENERATE_INFOPLIST_FILE = YES;
				IPHONEOS_DEPLOYMENT_TARGET = 18.0;
				MARKETING_VERSION = 1.0;
				PRODUCT_BUNDLE_IDENTIFIER = "phonixdrive.RPI-CentralTests";
				PRODUCT_NAME = "$(TARGET_NAME)";
				SWIFT_EMIT_LOC_STRINGS = NO;
				SWIFT_VERSION = 5.0;
				TARGETED_DEVICE_FAMILY = "1,2";
				TEST_HOST = "$(BUILT_PRODUCTS_DIR)/RPI Central.app/$(BUNDLE_EXECUTABLE_FOLDER_PATH)/RPI Central";
			};
			name = Debug;
		};
		0D3BAF3D2E909BB5006793BF /* Release */ = {
			isa = XCBuildConfiguration;
			buildSettings = {
				BUNDLE_LOADER = "$(TEST_HOST)";
				CODE_SIGN_STYLE = Automatic;
				CURRENT_PROJECT_VERSION = 1;
				GENERATE_INFOPLIST_FILE = YES;
				IPHONEOS_DEPLOYMENT_TARGET = 18.0;
				MARKETING_VERSION = 1.0;
				PRODUCT_BUNDLE_IDENTIFIER = "phonixdrive.RPI-CentralTests";
				PRODUCT_NAME = "$(TARGET_NAME)";
				SWIFT_EMIT_LOC_STRINGS = NO;
				SWIFT_VERSION = 5.0;
				TARGETED_DEVICE_FAMILY = "1,2";
				TEST_HOST = "$(BUILT_PRODUCTS_DIR)/RPI Central.app/$(BUNDLE_EXECUTABLE_FOLDER_PATH)/RPI Central";
			};
			name = Release;
		};
		0D3BAF3F2E909BB5006793BF /* Debug */ = {
			isa = XCBuildConfiguration;
			buildSettings = {
				CODE_SIGN_STYLE = Automatic;
				CURRENT_PROJECT_VERSION = 1;
				GENERATE_INFOPLIST_FILE = YES;
				MARKETING_VERSION = 1.0;
				PRODUCT_BUNDLE_IDENTIFIER = "phonixdrive.RPI-CentralUITests";
				PRODUCT_NAME = "$(TARGET_NAME)";
				SWIFT_EMIT_LOC_STRINGS = NO;
				SWIFT_VERSION = 5.0;
				TARGETED_DEVICE_FAMILY = "1,2";
				TEST_TARGET_NAME = "RPI Central";
			};
			name = Debug;
		};
		0D3BAF402E909BB5006793BF /* Release */ = {
			isa = XCBuildConfiguration;
			buildSettings = {
				CODE_SIGN_STYLE = Automatic;
				CURRENT_PROJECT_VERSION = 1;
				GENERATE_INFOPLIST_FILE = YES;
				MARKETING_VERSION = 1.0;
				PRODUCT_BUNDLE_IDENTIFIER = "phonixdrive.RPI-CentralUITests";
				PRODUCT_NAME = "$(TARGET_NAME)";
				SWIFT_EMIT_LOC_STRINGS = NO;
				SWIFT_VERSION = 5.0;
				TARGETED_DEVICE_FAMILY = "1,2";
				TEST_TARGET_NAME = "RPI Central";
			};
			name = Release;
		};
/* End XCBuildConfiguration section */

/* Begin XCConfigurationList section */
		0D3BAF0F2E909BB3006793BF /* Build configuration list for PBXProject "RPI Central" */ = {
			isa = XCConfigurationList;
			buildConfigurations = (
				0D3BAF362E909BB5006793BF /* Debug */,
				0D3BAF372E909BB5006793BF /* Release */,
			);
			defaultConfigurationIsVisible = 0;
			defaultConfigurationName = Release;
		};
		0D3BAF382E909BB5006793BF /* Build configuration list for PBXNativeTarget "RPI Central" */ = {
			isa = XCConfigurationList;
			buildConfigurations = (
				0D3BAF392E909BB5006793BF /* Debug */,
				0D3BAF3A2E909BB5006793BF /* Release */,
			);
			defaultConfigurationIsVisible = 0;
			defaultConfigurationName = Release;
		};
		0D3BAF3B2E909BB5006793BF /* Build configuration list for PBXNativeTarget "RPI CentralTests" */ = {
			isa = XCConfigurationList;
			buildConfigurations = (
				0D3BAF3C2E909BB5006793BF /* Debug */,
				0D3BAF3D2E909BB5006793BF /* Release */,
			);
			defaultConfigurationIsVisible = 0;
			defaultConfigurationName = Release;
		};
		0D3BAF3E2E909BB5006793BF /* Build configuration list for PBXNativeTarget "RPI CentralUITests" */ = {
			isa = XCConfigurationList;
			buildConfigurations = (
				0D3BAF3F2E909BB5006793BF /* Debug */,
				0D3BAF402E909BB5006793BF /* Release */,
			);
			defaultConfigurationIsVisible = 0;
			defaultConfigurationName = Release;
		};
/* End XCConfigurationList section */
	};
	rootObject = 0D3BAF0C2E909BB3006793BF /* Project object */;
}
